
Microsoft Visual Studio Solution File, Format Version 12.00
# Visual Studio Version 17
VisualStudioVersion = 17.13.35913.81
MinimumVisualStudioVersion = 10.0.40219.1
Project("{FAE04EC0-301F-11D3-BF4B-00C04F79EFBC}") = "CaptureTool.UI", "src\CaptureTool.UI\CaptureTool.UI.csproj", "{CF6AAB15-4A0F-43B4-A3D2-8DF7C881E38F}"
EndProject
Project("{FAE04EC0-301F-11D3-BF4B-00C04F79EFBC}") = "CaptureTool.ViewModels", "src\CaptureTool.ViewModels\CaptureTool.ViewModels.csproj", "{37C10C6A-7277-4329-B966-73F0BB635915}"
EndProject
Project("{FAE04EC0-301F-11D3-BF4B-00C04F79EFBC}") = "CaptureTool.Common", "src\CaptureTool.Common\CaptureTool.Common.csproj", "{223408F1-2DD4-466F-8F3E-8FB0B42DCBB2}"
EndProject
Project("{2150E333-8FDC-42A3-9474-1A3956D46DE8}") = "Solution Items", "Solution Items", "{02EA681E-C7D8-13C7-8484-4AC65E1B71E8}"
	ProjectSection(SolutionItems) = preProject
		README.md = README.md
	EndProjectSection
EndProject
Project("{2150E333-8FDC-42A3-9474-1A3956D46DE8}") = "Build", "Build", "{49E306FC-52D3-4873-BCFB-C37B9C554B57}"
	ProjectSection(SolutionItems) = preProject
		src\Directory.Build.props = src\Directory.Build.props
		src\Directory.Build.targets = src\Directory.Build.targets
	EndProjectSection
EndProject
Global
	GlobalSection(SolutionConfigurationPlatforms) = preSolution
		Debug|ARM64 = Debug|ARM64
		Debug|x64 = Debug|x64
		Debug|x86 = Debug|x86
		Release|ARM64 = Release|ARM64
		Release|x64 = Release|x64
		Release|x86 = Release|x86
	EndGlobalSection
	GlobalSection(ProjectConfigurationPlatforms) = postSolution
		{CF6AAB15-4A0F-43B4-A3D2-8DF7C881E38F}.Debug|ARM64.ActiveCfg = Debug|ARM64
		{CF6AAB15-4A0F-43B4-A3D2-8DF7C881E38F}.Debug|ARM64.Build.0 = Debug|ARM64
		{CF6AAB15-4A0F-43B4-A3D2-8DF7C881E38F}.Debug|ARM64.Deploy.0 = Debug|ARM64
		{CF6AAB15-4A0F-43B4-A3D2-8DF7C881E38F}.Debug|x64.ActiveCfg = Debug|x64
		{CF6AAB15-4A0F-43B4-A3D2-8DF7C881E38F}.Debug|x64.Build.0 = Debug|x64
		{CF6AAB15-4A0F-43B4-A3D2-8DF7C881E38F}.Debug|x64.Deploy.0 = Debug|x64
		{CF6AAB15-4A0F-43B4-A3D2-8DF7C881E38F}.Debug|x86.ActiveCfg = Debug|x86
		{CF6AAB15-4A0F-43B4-A3D2-8DF7C881E38F}.Debug|x86.Build.0 = Debug|x86
		{CF6AAB15-4A0F-43B4-A3D2-8DF7C881E38F}.Debug|x86.Deploy.0 = Debug|x86
		{CF6AAB15-4A0F-43B4-A3D2-8DF7C881E38F}.Release|ARM64.ActiveCfg = Release|ARM64
		{CF6AAB15-4A0F-43B4-A3D2-8DF7C881E38F}.Release|ARM64.Build.0 = Release|ARM64
		{CF6AAB15-4A0F-43B4-A3D2-8DF7C881E38F}.Release|ARM64.Deploy.0 = Release|ARM64
		{CF6AAB15-4A0F-43B4-A3D2-8DF7C881E38F}.Release|x64.ActiveCfg = Release|x64
		{CF6AAB15-4A0F-43B4-A3D2-8DF7C881E38F}.Release|x64.Build.0 = Release|x64
		{CF6AAB15-4A0F-43B4-A3D2-8DF7C881E38F}.Release|x64.Deploy.0 = Release|x64
		{CF6AAB15-4A0F-43B4-A3D2-8DF7C881E38F}.Release|x86.ActiveCfg = Release|x86
		{CF6AAB15-4A0F-43B4-A3D2-8DF7C881E38F}.Release|x86.Build.0 = Release|x86
		{CF6AAB15-4A0F-43B4-A3D2-8DF7C881E38F}.Release|x86.Deploy.0 = Release|x86
		{37C10C6A-7277-4329-B966-73F0BB635915}.Debug|ARM64.ActiveCfg = Debug|Any CPU
		{37C10C6A-7277-4329-B966-73F0BB635915}.Debug|ARM64.Build.0 = Debug|Any CPU
		{37C10C6A-7277-4329-B966-73F0BB635915}.Debug|x64.ActiveCfg = Debug|Any CPU
		{37C10C6A-7277-4329-B966-73F0BB635915}.Debug|x64.Build.0 = Debug|Any CPU
		{37C10C6A-7277-4329-B966-73F0BB635915}.Debug|x86.ActiveCfg = Debug|Any CPU
		{37C10C6A-7277-4329-B966-73F0BB635915}.Debug|x86.Build.0 = Debug|Any CPU
		{37C10C6A-7277-4329-B966-73F0BB635915}.Release|ARM64.ActiveCfg = Release|Any CPU
		{37C10C6A-7277-4329-B966-73F0BB635915}.Release|ARM64.Build.0 = Release|Any CPU
		{37C10C6A-7277-4329-B966-73F0BB635915}.Release|x64.ActiveCfg = Release|Any CPU
		{37C10C6A-7277-4329-B966-73F0BB635915}.Release|x64.Build.0 = Release|Any CPU
		{37C10C6A-7277-4329-B966-73F0BB635915}.Release|x86.ActiveCfg = Release|Any CPU
		{37C10C6A-7277-4329-B966-73F0BB635915}.Release|x86.Build.0 = Release|Any CPU
		{223408F1-2DD4-466F-8F3E-8FB0B42DCBB2}.Debug|ARM64.ActiveCfg = Debug|Any CPU
		{223408F1-2DD4-466F-8F3E-8FB0B42DCBB2}.Debug|ARM64.Build.0 = Debug|Any CPU
		{223408F1-2DD4-466F-8F3E-8FB0B42DCBB2}.Debug|x64.ActiveCfg = Debug|Any CPU
		{223408F1-2DD4-466F-8F3E-8FB0B42DCBB2}.Debug|x64.Build.0 = Debug|Any CPU
		{223408F1-2DD4-466F-8F3E-8FB0B42DCBB2}.Debug|x86.ActiveCfg = Debug|Any CPU
		{223408F1-2DD4-466F-8F3E-8FB0B42DCBB2}.Debug|x86.Build.0 = Debug|Any CPU
		{223408F1-2DD4-466F-8F3E-8FB0B42DCBB2}.Release|ARM64.ActiveCfg = Release|Any CPU
		{223408F1-2DD4-466F-8F3E-8FB0B42DCBB2}.Release|ARM64.Build.0 = Release|Any CPU
		{223408F1-2DD4-466F-8F3E-8FB0B42DCBB2}.Release|x64.ActiveCfg = Release|Any CPU
		{223408F1-2DD4-466F-8F3E-8FB0B42DCBB2}.Release|x64.Build.0 = Release|Any CPU
		{223408F1-2DD4-466F-8F3E-8FB0B42DCBB2}.Release|x86.ActiveCfg = Release|Any CPU
		{223408F1-2DD4-466F-8F3E-8FB0B42DCBB2}.Release|x86.Build.0 = Release|Any CPU
	EndGlobalSection
	GlobalSection(SolutionProperties) = preSolution
		HideSolutionNode = FALSE
	EndGlobalSection
	GlobalSection(ExtensibilityGlobals) = postSolution
		SolutionGuid = {FB327606-3646-4AA5-A87C-C25C68ED5CEA}
	EndGlobalSection
EndGlobal
