
Microsoft Visual Studio Solution File, Format Version 12.00
# Visual Studio Version 17
VisualStudioVersion = 17.13.35913.81
MinimumVisualStudioVersion = 10.0.40219.1
Project("{FAE04EC0-301F-11D3-BF4B-00C04F79EFBC}") = "CaptureTool.UI", "src\CaptureTool.UI\CaptureTool.UI.csproj", "{CF6AAB15-4A0F-43B4-A3D2-8DF7C881E38F}"
EndProject
Project("{FAE04EC0-301F-11D3-BF4B-00C04F79EFBC}") = "CaptureTool.ViewModels", "src\CaptureTool.ViewModels\CaptureTool.ViewModels.csproj", "{37C10C6A-7277-4329-B966-73F0BB635915}"
EndProject
Project("{FAE04EC0-301F-11D3-BF4B-00C04F79EFBC}") = "CaptureTool.Common", "src\CaptureTool.Common\CaptureTool.Common.csproj", "{223408F1-2DD4-466F-8F3E-8FB0B42DCBB2}"
EndProject
Project("{2150E333-8FDC-42A3-9474-1A3956D46DE8}") = "Solution Items", "Solution Items", "{02EA681E-C7D8-13C7-8484-4AC65E1B71E8}"
	ProjectSection(SolutionItems) = preProject
		README.md = README.md
	EndProjectSection
EndProject
Project("{2150E333-8FDC-42A3-9474-1A3956D46DE8}") = "Build", "Build", "{49E306FC-52D3-4873-BCFB-C37B9C554B57}"
	ProjectSection(SolutionItems) = preProject
		src\Directory.Build.props = src\Directory.Build.props
		src\Directory.Build.targets = src\Directory.Build.targets
		src\Directory.Packages.props = src\Directory.Packages.props
		src\Directory.Version.props = src\Directory.Version.props
	EndProjectSection
EndProject
Project("{FAE04EC0-301F-11D3-BF4B-00C04F79EFBC}") = "CaptureTool.Services", "src\CaptureTool.Services\CaptureTool.Services.csproj", "{50DC78F6-E662-415E-887E-0D13DF221936}"
EndProject
Project("{FAE04EC0-301F-11D3-BF4B-00C04F79EFBC}") = "CaptureTool.FeatureManagement", "src\CaptureTool.FeatureManagement\CaptureTool.FeatureManagement.csproj", "{33752AAD-81FA-4575-825B-1D87DDCA7B09}"
EndProject
Project("{FAE04EC0-301F-11D3-BF4B-00C04F79EFBC}") = "CaptureTool.Services.Windows", "src\CaptureTool.Services.Windows\CaptureTool.Services.Windows.csproj", "{D332328F-8703-468A-8A54-48D376DDC2B7}"
EndProject
Project("{FAE04EC0-301F-11D3-BF4B-00C04F79EFBC}") = "CaptureTool.Core", "src\CaptureTool.Core\CaptureTool.Core.csproj", "{E2B8000C-0354-430A-82DD-265A57839277}"
EndProject
Project("{FAE04EC0-301F-11D3-BF4B-00C04F79EFBC}") = "CaptureTool.Capture.Windows", "src\CaptureTool.Capture.Windows\CaptureTool.Capture.Windows.csproj", "{2AF975AE-7D0B-4FFD-AC10-768B667EAEF6}"
EndProject
Project("{FAE04EC0-301F-11D3-BF4B-00C04F79EFBC}") = "CaptureTool.Capture", "src\CaptureTool.Capture\CaptureTool.Capture.csproj", "{9492CC6D-4423-4DF0-BC7B-CCE107FC310A}"
EndProject
Project("{FAE04EC0-301F-11D3-BF4B-00C04F79EFBC}") = "CaptureTool.Edit.Windows", "src\CaptureTool.Edit.Windows\CaptureTool.Edit.Windows.csproj", "{5A4C88D2-0DAF-427E-ABBC-6A4470E8225D}"
EndProject
Project("{FAE04EC0-301F-11D3-BF4B-00C04F79EFBC}") = "CaptureTool.Services.Tests", "src\CaptureTool.Services.Tests\CaptureTool.Services.Tests.csproj", "{7C067745-CD5D-4665-8EF9-79730477C4BA}"
EndProject
Project("{FAE04EC0-301F-11D3-BF4B-00C04F79EFBC}") = "CaptureTool.UI.Tests", "src\CaptureTool.UI.Tests\CaptureTool.UI.Tests.csproj", "{905CD4A1-9A32-4C9C-822C-D4FC246A84E8}"
EndProject
Project("{FAE04EC0-301F-11D3-BF4B-00C04F79EFBC}") = "CaptureTool.ViewModels.Tests", "src\CaptureTool.ViewModels.Tests\CaptureTool.ViewModels.Tests.csproj", "{96D133A6-FD71-45DB-8023-C988F0E045C7}"
EndProject
Project("{FAE04EC0-301F-11D3-BF4B-00C04F79EFBC}") = "CaptureTool.Edit.Windows.Tests", "src\CaptureTool.Edit.Windows.Tests\CaptureTool.Edit.Windows.Tests.csproj", "{DFB09AB3-86E2-4870-B2DE-7AE55F126B46}"
EndProject
Global
	GlobalSection(SolutionConfigurationPlatforms) = preSolution
		Debug|ARM64 = Debug|ARM64
		Debug|x64 = Debug|x64
		Debug|x86 = Debug|x86
		Release|ARM64 = Release|ARM64
		Release|x64 = Release|x64
		Release|x86 = Release|x86
	EndGlobalSection
	GlobalSection(ProjectConfigurationPlatforms) = postSolution
		{CF6AAB15-4A0F-43B4-A3D2-8DF7C881E38F}.Debug|ARM64.ActiveCfg = Debug|ARM64
		{CF6AAB15-4A0F-43B4-A3D2-8DF7C881E38F}.Debug|ARM64.Build.0 = Debug|ARM64
		{CF6AAB15-4A0F-43B4-A3D2-8DF7C881E38F}.Debug|ARM64.Deploy.0 = Debug|ARM64
		{CF6AAB15-4A0F-43B4-A3D2-8DF7C881E38F}.Debug|x64.ActiveCfg = Debug|x64
		{CF6AAB15-4A0F-43B4-A3D2-8DF7C881E38F}.Debug|x64.Build.0 = Debug|x64
		{CF6AAB15-4A0F-43B4-A3D2-8DF7C881E38F}.Debug|x64.Deploy.0 = Debug|x64
		{CF6AAB15-4A0F-43B4-A3D2-8DF7C881E38F}.Debug|x86.ActiveCfg = Debug|x86
		{CF6AAB15-4A0F-43B4-A3D2-8DF7C881E38F}.Debug|x86.Build.0 = Debug|x86
		{CF6AAB15-4A0F-43B4-A3D2-8DF7C881E38F}.Debug|x86.Deploy.0 = Debug|x86
		{CF6AAB15-4A0F-43B4-A3D2-8DF7C881E38F}.Release|ARM64.ActiveCfg = Release|ARM64
		{CF6AAB15-4A0F-43B4-A3D2-8DF7C881E38F}.Release|ARM64.Build.0 = Release|ARM64
		{CF6AAB15-4A0F-43B4-A3D2-8DF7C881E38F}.Release|ARM64.Deploy.0 = Release|ARM64
		{CF6AAB15-4A0F-43B4-A3D2-8DF7C881E38F}.Release|x64.ActiveCfg = Release|x64
		{CF6AAB15-4A0F-43B4-A3D2-8DF7C881E38F}.Release|x64.Build.0 = Release|x64
		{CF6AAB15-4A0F-43B4-A3D2-8DF7C881E38F}.Release|x64.Deploy.0 = Release|x64
		{CF6AAB15-4A0F-43B4-A3D2-8DF7C881E38F}.Release|x86.ActiveCfg = Release|x86
		{CF6AAB15-4A0F-43B4-A3D2-8DF7C881E38F}.Release|x86.Build.0 = Release|x86
		{CF6AAB15-4A0F-43B4-A3D2-8DF7C881E38F}.Release|x86.Deploy.0 = Release|x86
		{37C10C6A-7277-4329-B966-73F0BB635915}.Debug|ARM64.ActiveCfg = Debug|ARM64
		{37C10C6A-7277-4329-B966-73F0BB635915}.Debug|ARM64.Build.0 = Debug|ARM64
		{37C10C6A-7277-4329-B966-73F0BB635915}.Debug|x64.ActiveCfg = Debug|x64
		{37C10C6A-7277-4329-B966-73F0BB635915}.Debug|x64.Build.0 = Debug|x64
		{37C10C6A-7277-4329-B966-73F0BB635915}.Debug|x86.ActiveCfg = Debug|Any CPU
		{37C10C6A-7277-4329-B966-73F0BB635915}.Debug|x86.Build.0 = Debug|Any CPU
		{37C10C6A-7277-4329-B966-73F0BB635915}.Release|ARM64.ActiveCfg = Release|ARM64
		{37C10C6A-7277-4329-B966-73F0BB635915}.Release|ARM64.Build.0 = Release|ARM64
		{37C10C6A-7277-4329-B966-73F0BB635915}.Release|x64.ActiveCfg = Release|x64
		{37C10C6A-7277-4329-B966-73F0BB635915}.Release|x64.Build.0 = Release|x64
		{37C10C6A-7277-4329-B966-73F0BB635915}.Release|x86.ActiveCfg = Release|Any CPU
		{37C10C6A-7277-4329-B966-73F0BB635915}.Release|x86.Build.0 = Release|Any CPU
		{223408F1-2DD4-466F-8F3E-8FB0B42DCBB2}.Debug|ARM64.ActiveCfg = Debug|Any CPU
		{223408F1-2DD4-466F-8F3E-8FB0B42DCBB2}.Debug|ARM64.Build.0 = Debug|Any CPU
		{223408F1-2DD4-466F-8F3E-8FB0B42DCBB2}.Debug|x64.ActiveCfg = Debug|Any CPU
		{223408F1-2DD4-466F-8F3E-8FB0B42DCBB2}.Debug|x64.Build.0 = Debug|Any CPU
		{223408F1-2DD4-466F-8F3E-8FB0B42DCBB2}.Debug|x86.ActiveCfg = Debug|Any CPU
		{223408F1-2DD4-466F-8F3E-8FB0B42DCBB2}.Debug|x86.Build.0 = Debug|Any CPU
		{223408F1-2DD4-466F-8F3E-8FB0B42DCBB2}.Release|ARM64.ActiveCfg = Release|Any CPU
		{223408F1-2DD4-466F-8F3E-8FB0B42DCBB2}.Release|ARM64.Build.0 = Release|Any CPU
		{223408F1-2DD4-466F-8F3E-8FB0B42DCBB2}.Release|x64.ActiveCfg = Release|Any CPU
		{223408F1-2DD4-466F-8F3E-8FB0B42DCBB2}.Release|x64.Build.0 = Release|Any CPU
		{223408F1-2DD4-466F-8F3E-8FB0B42DCBB2}.Release|x86.ActiveCfg = Release|Any CPU
		{223408F1-2DD4-466F-8F3E-8FB0B42DCBB2}.Release|x86.Build.0 = Release|Any CPU
		{50DC78F6-E662-415E-887E-0D13DF221936}.Debug|ARM64.ActiveCfg = Debug|Any CPU
		{50DC78F6-E662-415E-887E-0D13DF221936}.Debug|ARM64.Build.0 = Debug|Any CPU
		{50DC78F6-E662-415E-887E-0D13DF221936}.Debug|x64.ActiveCfg = Debug|Any CPU
		{50DC78F6-E662-415E-887E-0D13DF221936}.Debug|x64.Build.0 = Debug|Any CPU
		{50DC78F6-E662-415E-887E-0D13DF221936}.Debug|x86.ActiveCfg = Debug|Any CPU
		{50DC78F6-E662-415E-887E-0D13DF221936}.Debug|x86.Build.0 = Debug|Any CPU
		{50DC78F6-E662-415E-887E-0D13DF221936}.Release|ARM64.ActiveCfg = Release|Any CPU
		{50DC78F6-E662-415E-887E-0D13DF221936}.Release|ARM64.Build.0 = Release|Any CPU
		{50DC78F6-E662-415E-887E-0D13DF221936}.Release|x64.ActiveCfg = Release|Any CPU
		{50DC78F6-E662-415E-887E-0D13DF221936}.Release|x64.Build.0 = Release|Any CPU
		{50DC78F6-E662-415E-887E-0D13DF221936}.Release|x86.ActiveCfg = Release|Any CPU
		{50DC78F6-E662-415E-887E-0D13DF221936}.Release|x86.Build.0 = Release|Any CPU
		{33752AAD-81FA-4575-825B-1D87DDCA7B09}.Debug|ARM64.ActiveCfg = Debug|Any CPU
		{33752AAD-81FA-4575-825B-1D87DDCA7B09}.Debug|ARM64.Build.0 = Debug|Any CPU
		{33752AAD-81FA-4575-825B-1D87DDCA7B09}.Debug|x64.ActiveCfg = Debug|Any CPU
		{33752AAD-81FA-4575-825B-1D87DDCA7B09}.Debug|x64.Build.0 = Debug|Any CPU
		{33752AAD-81FA-4575-825B-1D87DDCA7B09}.Debug|x86.ActiveCfg = Debug|Any CPU
		{33752AAD-81FA-4575-825B-1D87DDCA7B09}.Debug|x86.Build.0 = Debug|Any CPU
		{33752AAD-81FA-4575-825B-1D87DDCA7B09}.Release|ARM64.ActiveCfg = Release|Any CPU
		{33752AAD-81FA-4575-825B-1D87DDCA7B09}.Release|ARM64.Build.0 = Release|Any CPU
		{33752AAD-81FA-4575-825B-1D87DDCA7B09}.Release|x64.ActiveCfg = Release|Any CPU
		{33752AAD-81FA-4575-825B-1D87DDCA7B09}.Release|x64.Build.0 = Release|Any CPU
		{33752AAD-81FA-4575-825B-1D87DDCA7B09}.Release|x86.ActiveCfg = Release|Any CPU
		{33752AAD-81FA-4575-825B-1D87DDCA7B09}.Release|x86.Build.0 = Release|Any CPU
		{D332328F-8703-468A-8A54-48D376DDC2B7}.Debug|ARM64.ActiveCfg = Debug|Any CPU
		{D332328F-8703-468A-8A54-48D376DDC2B7}.Debug|ARM64.Build.0 = Debug|Any CPU
		{D332328F-8703-468A-8A54-48D376DDC2B7}.Debug|x64.ActiveCfg = Debug|Any CPU
		{D332328F-8703-468A-8A54-48D376DDC2B7}.Debug|x64.Build.0 = Debug|Any CPU
		{D332328F-8703-468A-8A54-48D376DDC2B7}.Debug|x86.ActiveCfg = Debug|Any CPU
		{D332328F-8703-468A-8A54-48D376DDC2B7}.Debug|x86.Build.0 = Debug|Any CPU
		{D332328F-8703-468A-8A54-48D376DDC2B7}.Release|ARM64.ActiveCfg = Release|Any CPU
		{D332328F-8703-468A-8A54-48D376DDC2B7}.Release|ARM64.Build.0 = Release|Any CPU
		{D332328F-8703-468A-8A54-48D376DDC2B7}.Release|x64.ActiveCfg = Release|Any CPU
		{D332328F-8703-468A-8A54-48D376DDC2B7}.Release|x64.Build.0 = Release|Any CPU
		{D332328F-8703-468A-8A54-48D376DDC2B7}.Release|x86.ActiveCfg = Release|Any CPU
		{D332328F-8703-468A-8A54-48D376DDC2B7}.Release|x86.Build.0 = Release|Any CPU
		{E2B8000C-0354-430A-82DD-265A57839277}.Debug|ARM64.ActiveCfg = Debug|Any CPU
		{E2B8000C-0354-430A-82DD-265A57839277}.Debug|ARM64.Build.0 = Debug|Any CPU
		{E2B8000C-0354-430A-82DD-265A57839277}.Debug|x64.ActiveCfg = Debug|Any CPU
		{E2B8000C-0354-430A-82DD-265A57839277}.Debug|x64.Build.0 = Debug|Any CPU
		{E2B8000C-0354-430A-82DD-265A57839277}.Debug|x86.ActiveCfg = Debug|Any CPU
		{E2B8000C-0354-430A-82DD-265A57839277}.Debug|x86.Build.0 = Debug|Any CPU
		{E2B8000C-0354-430A-82DD-265A57839277}.Release|ARM64.ActiveCfg = Release|Any CPU
		{E2B8000C-0354-430A-82DD-265A57839277}.Release|ARM64.Build.0 = Release|Any CPU
		{E2B8000C-0354-430A-82DD-265A57839277}.Release|x64.ActiveCfg = Release|Any CPU
		{E2B8000C-0354-430A-82DD-265A57839277}.Release|x64.Build.0 = Release|Any CPU
		{E2B8000C-0354-430A-82DD-265A57839277}.Release|x86.ActiveCfg = Release|Any CPU
		{E2B8000C-0354-430A-82DD-265A57839277}.Release|x86.Build.0 = Release|Any CPU
		{2AF975AE-7D0B-4FFD-AC10-768B667EAEF6}.Debug|ARM64.ActiveCfg = Debug|Any CPU
		{2AF975AE-7D0B-4FFD-AC10-768B667EAEF6}.Debug|ARM64.Build.0 = Debug|Any CPU
		{2AF975AE-7D0B-4FFD-AC10-768B667EAEF6}.Debug|x64.ActiveCfg = Debug|Any CPU
		{2AF975AE-7D0B-4FFD-AC10-768B667EAEF6}.Debug|x64.Build.0 = Debug|Any CPU
		{2AF975AE-7D0B-4FFD-AC10-768B667EAEF6}.Debug|x86.ActiveCfg = Debug|Any CPU
		{2AF975AE-7D0B-4FFD-AC10-768B667EAEF6}.Debug|x86.Build.0 = Debug|Any CPU
		{2AF975AE-7D0B-4FFD-AC10-768B667EAEF6}.Release|ARM64.ActiveCfg = Release|Any CPU
		{2AF975AE-7D0B-4FFD-AC10-768B667EAEF6}.Release|ARM64.Build.0 = Release|Any CPU
		{2AF975AE-7D0B-4FFD-AC10-768B667EAEF6}.Release|x64.ActiveCfg = Release|Any CPU
		{2AF975AE-7D0B-4FFD-AC10-768B667EAEF6}.Release|x64.Build.0 = Release|Any CPU
		{2AF975AE-7D0B-4FFD-AC10-768B667EAEF6}.Release|x86.ActiveCfg = Release|Any CPU
		{2AF975AE-7D0B-4FFD-AC10-768B667EAEF6}.Release|x86.Build.0 = Release|Any CPU
		{9492CC6D-4423-4DF0-BC7B-CCE107FC310A}.Debug|ARM64.ActiveCfg = Debug|Any CPU
		{9492CC6D-4423-4DF0-BC7B-CCE107FC310A}.Debug|ARM64.Build.0 = Debug|Any CPU
		{9492CC6D-4423-4DF0-BC7B-CCE107FC310A}.Debug|x64.ActiveCfg = Debug|Any CPU
		{9492CC6D-4423-4DF0-BC7B-CCE107FC310A}.Debug|x64.Build.0 = Debug|Any CPU
		{9492CC6D-4423-4DF0-BC7B-CCE107FC310A}.Debug|x86.ActiveCfg = Debug|Any CPU
		{9492CC6D-4423-4DF0-BC7B-CCE107FC310A}.Debug|x86.Build.0 = Debug|Any CPU
		{9492CC6D-4423-4DF0-BC7B-CCE107FC310A}.Release|ARM64.ActiveCfg = Release|Any CPU
		{9492CC6D-4423-4DF0-BC7B-CCE107FC310A}.Release|ARM64.Build.0 = Release|Any CPU
		{9492CC6D-4423-4DF0-BC7B-CCE107FC310A}.Release|x64.ActiveCfg = Release|Any CPU
		{9492CC6D-4423-4DF0-BC7B-CCE107FC310A}.Release|x64.Build.0 = Release|Any CPU
		{9492CC6D-4423-4DF0-BC7B-CCE107FC310A}.Release|x86.ActiveCfg = Release|Any CPU
		{9492CC6D-4423-4DF0-BC7B-CCE107FC310A}.Release|x86.Build.0 = Release|Any CPU
		{5A4C88D2-0DAF-427E-ABBC-6A4470E8225D}.Debug|ARM64.ActiveCfg = Debug|ARM64
		{5A4C88D2-0DAF-427E-ABBC-6A4470E8225D}.Debug|ARM64.Build.0 = Debug|ARM64
		{5A4C88D2-0DAF-427E-ABBC-6A4470E8225D}.Debug|x64.ActiveCfg = Debug|x64
		{5A4C88D2-0DAF-427E-ABBC-6A4470E8225D}.Debug|x64.Build.0 = Debug|x64
		{5A4C88D2-0DAF-427E-ABBC-6A4470E8225D}.Debug|x86.ActiveCfg = Debug|x86
		{5A4C88D2-0DAF-427E-ABBC-6A4470E8225D}.Debug|x86.Build.0 = Debug|x86
		{5A4C88D2-0DAF-427E-ABBC-6A4470E8225D}.Release|ARM64.ActiveCfg = Release|ARM64
		{5A4C88D2-0DAF-427E-ABBC-6A4470E8225D}.Release|ARM64.Build.0 = Release|ARM64
		{5A4C88D2-0DAF-427E-ABBC-6A4470E8225D}.Release|x64.ActiveCfg = Release|x64
		{5A4C88D2-0DAF-427E-ABBC-6A4470E8225D}.Release|x64.Build.0 = Release|x64
		{5A4C88D2-0DAF-427E-ABBC-6A4470E8225D}.Release|x86.ActiveCfg = Release|x86
		{5A4C88D2-0DAF-427E-ABBC-6A4470E8225D}.Release|x86.Build.0 = Release|x86
		{7C067745-CD5D-4665-8EF9-79730477C4BA}.Debug|ARM64.ActiveCfg = Debug|Any CPU
		{7C067745-CD5D-4665-8EF9-79730477C4BA}.Debug|ARM64.Build.0 = Debug|Any CPU
		{7C067745-CD5D-4665-8EF9-79730477C4BA}.Debug|x64.ActiveCfg = Debug|Any CPU
		{7C067745-CD5D-4665-8EF9-79730477C4BA}.Debug|x64.Build.0 = Debug|Any CPU
		{7C067745-CD5D-4665-8EF9-79730477C4BA}.Debug|x86.ActiveCfg = Debug|Any CPU
		{7C067745-CD5D-4665-8EF9-79730477C4BA}.Debug|x86.Build.0 = Debug|Any CPU
		{7C067745-CD5D-4665-8EF9-79730477C4BA}.Release|ARM64.ActiveCfg = Release|Any CPU
		{7C067745-CD5D-4665-8EF9-79730477C4BA}.Release|ARM64.Build.0 = Release|Any CPU
		{7C067745-CD5D-4665-8EF9-79730477C4BA}.Release|x64.ActiveCfg = Release|Any CPU
		{7C067745-CD5D-4665-8EF9-79730477C4BA}.Release|x64.Build.0 = Release|Any CPU
		{7C067745-CD5D-4665-8EF9-79730477C4BA}.Release|x86.ActiveCfg = Release|Any CPU
		{7C067745-CD5D-4665-8EF9-79730477C4BA}.Release|x86.Build.0 = Release|Any CPU
		{905CD4A1-9A32-4C9C-822C-D4FC246A84E8}.Debug|ARM64.ActiveCfg = Debug|ARM64
		{905CD4A1-9A32-4C9C-822C-D4FC246A84E8}.Debug|ARM64.Build.0 = Debug|ARM64
		{905CD4A1-9A32-4C9C-822C-D4FC246A84E8}.Debug|ARM64.Deploy.0 = Debug|ARM64
		{905CD4A1-9A32-4C9C-822C-D4FC246A84E8}.Debug|x64.ActiveCfg = Debug|x64
		{905CD4A1-9A32-4C9C-822C-D4FC246A84E8}.Debug|x64.Build.0 = Debug|x64
		{905CD4A1-9A32-4C9C-822C-D4FC246A84E8}.Debug|x64.Deploy.0 = Debug|x64
		{905CD4A1-9A32-4C9C-822C-D4FC246A84E8}.Debug|x86.ActiveCfg = Debug|x86
		{905CD4A1-9A32-4C9C-822C-D4FC246A84E8}.Debug|x86.Build.0 = Debug|x86
		{905CD4A1-9A32-4C9C-822C-D4FC246A84E8}.Debug|x86.Deploy.0 = Debug|x86
		{905CD4A1-9A32-4C9C-822C-D4FC246A84E8}.Release|ARM64.ActiveCfg = Release|ARM64
		{905CD4A1-9A32-4C9C-822C-D4FC246A84E8}.Release|ARM64.Build.0 = Release|ARM64
		{905CD4A1-9A32-4C9C-822C-D4FC246A84E8}.Release|ARM64.Deploy.0 = Release|ARM64
		{905CD4A1-9A32-4C9C-822C-D4FC246A84E8}.Release|x64.ActiveCfg = Release|x64
		{905CD4A1-9A32-4C9C-822C-D4FC246A84E8}.Release|x64.Build.0 = Release|x64
		{905CD4A1-9A32-4C9C-822C-D4FC246A84E8}.Release|x64.Deploy.0 = Release|x64
		{905CD4A1-9A32-4C9C-822C-D4FC246A84E8}.Release|x86.ActiveCfg = Release|x86
		{905CD4A1-9A32-4C9C-822C-D4FC246A84E8}.Release|x86.Build.0 = Release|x86
		{905CD4A1-9A32-4C9C-822C-D4FC246A84E8}.Release|x86.Deploy.0 = Release|x86
		{96D133A6-FD71-45DB-8023-C988F0E045C7}.Debug|ARM64.ActiveCfg = Debug|Any CPU
		{96D133A6-FD71-45DB-8023-C988F0E045C7}.Debug|ARM64.Build.0 = Debug|Any CPU
		{96D133A6-FD71-45DB-8023-C988F0E045C7}.Debug|x64.ActiveCfg = Debug|Any CPU
		{96D133A6-FD71-45DB-8023-C988F0E045C7}.Debug|x64.Build.0 = Debug|Any CPU
		{96D133A6-FD71-45DB-8023-C988F0E045C7}.Debug|x86.ActiveCfg = Debug|Any CPU
		{96D133A6-FD71-45DB-8023-C988F0E045C7}.Debug|x86.Build.0 = Debug|Any CPU
		{96D133A6-FD71-45DB-8023-C988F0E045C7}.Release|ARM64.ActiveCfg = Release|Any CPU
		{96D133A6-FD71-45DB-8023-C988F0E045C7}.Release|ARM64.Build.0 = Release|Any CPU
		{96D133A6-FD71-45DB-8023-C988F0E045C7}.Release|x64.ActiveCfg = Release|Any CPU
		{96D133A6-FD71-45DB-8023-C988F0E045C7}.Release|x64.Build.0 = Release|Any CPU
		{96D133A6-FD71-45DB-8023-C988F0E045C7}.Release|x86.ActiveCfg = Release|Any CPU
		{96D133A6-FD71-45DB-8023-C988F0E045C7}.Release|x86.Build.0 = Release|Any CPU
		{DFB09AB3-86E2-4870-B2DE-7AE55F126B46}.Debug|ARM64.ActiveCfg = Debug|Any CPU
		{DFB09AB3-86E2-4870-B2DE-7AE55F126B46}.Debug|ARM64.Build.0 = Debug|Any CPU
		{DFB09AB3-86E2-4870-B2DE-7AE55F126B46}.Debug|x64.ActiveCfg = Debug|x64
		{DFB09AB3-86E2-4870-B2DE-7AE55F126B46}.Debug|x64.Build.0 = Debug|x64
		{DFB09AB3-86E2-4870-B2DE-7AE55F126B46}.Debug|x86.ActiveCfg = Debug|Any CPU
		{DFB09AB3-86E2-4870-B2DE-7AE55F126B46}.Debug|x86.Build.0 = Debug|Any CPU
		{DFB09AB3-86E2-4870-B2DE-7AE55F126B46}.Release|ARM64.ActiveCfg = Release|Any CPU
		{DFB09AB3-86E2-4870-B2DE-7AE55F126B46}.Release|ARM64.Build.0 = Release|Any CPU
		{DFB09AB3-86E2-4870-B2DE-7AE55F126B46}.Release|x64.ActiveCfg = Release|Any CPU
		{DFB09AB3-86E2-4870-B2DE-7AE55F126B46}.Release|x64.Build.0 = Release|Any CPU
		{DFB09AB3-86E2-4870-B2DE-7AE55F126B46}.Release|x86.ActiveCfg = Release|Any CPU
		{DFB09AB3-86E2-4870-B2DE-7AE55F126B46}.Release|x86.Build.0 = Release|Any CPU
	EndGlobalSection
	GlobalSection(SolutionProperties) = preSolution
		HideSolutionNode = FALSE
	EndGlobalSection
	GlobalSection(ExtensibilityGlobals) = postSolution
		SolutionGuid = {FB327606-3646-4AA5-A87C-C25C68ED5CEA}
	EndGlobalSection
EndGlobal
