<?xml version="1.0" encoding="utf-8"?>
<Project ToolsVersion="4.0" xmlns="http://schemas.microsoft.com/developer/msbuild/2003">
  <ItemGroup>
    <Filter Include="Source Files">
      <UniqueIdentifier>{4FC737F1-C7A5-4376-A066-2A32D752A2FF}</UniqueIdentifier>
      <Extensions>cpp;c;cc;cxx;c++;cppm;ixx;def;odl;idl;hpj;bat;asm;asmx</Extensions>
    </Filter>
    <Filter Include="Header Files">
      <UniqueIdentifier>{93995380-89BD-4b04-88EB-625FBE52EBFB}</UniqueIdentifier>
      <Extensions>h;hh;hpp;hxx;h++;hm;inl;inc;ipp;xsd</Extensions>
    </Filter>
    <Filter Include="Resource Files">
      <UniqueIdentifier>{67DA6AB6-F800-4c08-8B7A-83BB121AAD01}</UniqueIdentifier>
      <Extensions>rc;ico;cur;bmp;dlg;rc2;rct;bin;rgs;gif;jpg;jpeg;jpe;resx;tiff;tif;png;wav;mfcribbon-ms</Extensions>
    </Filter>
    <Filter Include="Source Abstraction">
      <UniqueIdentifier>{8A9C3D52-F1E4-4B2A-9D73-4E5F6C7D8E9F}</UniqueIdentifier>
    </Filter>
  </ItemGroup>
  <ItemGroup>
    <ClInclude Include="framework.h">
      <Filter>Header Files</Filter>
    </ClInclude>
    <ClInclude Include="pch.h">
      <Filter>Header Files</Filter>
    </ClInclude>
    <ClInclude Include="ScreenRecorder.h">
      <Filter>Header Files</Filter>
    </ClInclude>
    <ClInclude Include="MP4SinkWriter.h">
      <Filter>Header Files</Filter>
    </ClInclude>
    <ClInclude Include="FrameArrivedHandler.h">
      <Filter>Header Files</Filter>
    </ClInclude>
    <ClInclude Include="AudioCaptureDevice.h">
      <Filter>Header Files</Filter>
    </ClInclude>
    <ClInclude Include="AudioCaptureHandler.h">
      <Filter>Header Files</Filter>
    </ClInclude>
    <ClInclude Include="AudioDeviceEnumerator.h">
      <Filter>Source Abstraction</Filter>
    </ClInclude>
    <ClInclude Include="AudioMixer.h">
      <Filter>Source Abstraction</Filter>
    </ClInclude>
    <ClInclude Include="AudioRoutingConfig.h">
      <Filter>Source Abstraction</Filter>
    </ClInclude>
    <ClInclude Include="ApplicationAudioSource.h">
      <Filter>Source Abstraction</Filter>
    </ClInclude>
    <ClInclude Include="IMediaSource.h">
      <Filter>Source Abstraction</Filter>
    </ClInclude>
    <ClInclude Include="IVideoSource.h">
      <Filter>Source Abstraction</Filter>
    </ClInclude>
    <ClInclude Include="IAudioSource.h">
      <Filter>Source Abstraction</Filter>
    </ClInclude>
    <ClInclude Include="DesktopAudioSource.h">
      <Filter>Source Abstraction</Filter>
    </ClInclude>
    <ClInclude Include="MicrophoneAudioSource.h">
      <Filter>Source Abstraction</Filter>
    </ClInclude>
    <ClInclude Include="ScreenCaptureSource.h">
      <Filter>Source Abstraction</Filter>
    </ClInclude>
    <ClInclude Include="SourceManager.h">
      <Filter>Source Abstraction</Filter>
    </ClInclude>
    <ClInclude Include="WindowsVersionHelper.h">
      <Filter>Source Abstraction</Filter>
    </ClInclude>
    <ClInclude Include="GraphicsCaptureHelpers.cpp">
      <Filter>Source Files</Filter>
    </ClInclude>
  </ItemGroup>
  <ItemGroup>
    <ClCompile Include="dllmain.cpp">
      <Filter>Source Files</Filter>
    </ClCompile>
    <ClCompile Include="pch.cpp">
      <Filter>Source Files</Filter>
    </ClCompile>
    <ClCompile Include="ScreenRecorder.cpp">
      <Filter>Source Files</Filter>
    </ClCompile>
    <ClCompile Include="MP4SinkWriter.cpp">
      <Filter>Source Files</Filter>
    </ClCompile>
    <ClCompile Include="FrameArrivedHandler.cpp">
      <Filter>Source Files</Filter>
    </ClCompile>
    <ClCompile Include="AudioCaptureDevice.cpp">
      <Filter>Source Files</Filter>
    </ClCompile>
    <ClCompile Include="AudioCaptureHandler.cpp">
      <Filter>Source Files</Filter>
    </ClCompile>
    <ClCompile Include="AudioDeviceEnumerator.cpp">
      <Filter>Source Abstraction</Filter>
    </ClCompile>
    <ClCompile Include="AudioMixer.cpp">
      <Filter>Source Abstraction</Filter>
    </ClCompile>
    <ClCompile Include="AudioRoutingConfig.cpp">
      <Filter>Source Abstraction</Filter>
    </ClCompile>
    <ClCompile Include="ApplicationAudioSource.cpp">
      <Filter>Source Abstraction</Filter>
    </ClCompile>
    <ClCompile Include="DesktopAudioSource.cpp">
      <Filter>Source Abstraction</Filter>
    </ClCompile>
    <ClCompile Include="MicrophoneAudioSource.cpp">
      <Filter>Source Abstraction</Filter>
    </ClCompile>
    <ClCompile Include="ScreenCaptureSource.cpp">
      <Filter>Source Abstraction</Filter>
    </ClCompile>
    <ClCompile Include="SourceManager.cpp">
      <Filter>Source Abstraction</Filter>
    </ClCompile>
    <ClCompile Include="WindowsVersionHelper.cpp">
      <Filter>Source Abstraction</Filter>
    </ClCompile>
  </ItemGroup>
</Project>