<?xml version="1.0" encoding="utf-8"?>
<Project ToolsVersion="4.0" xmlns="http://schemas.microsoft.com/developer/msbuild/2003">
  <ItemGroup>
    <Filter Include="Source Files">
      <UniqueIdentifier>{4FC737F1-C7A5-4376-A066-2A32D752A2FF}</UniqueIdentifier>
      <Extensions>cpp;c;cc;cxx;c++;cppm;ixx;def;odl;idl;hpj;bat;asm;asmx</Extensions>
    </Filter>
    <Filter Include="Header Files">
      <UniqueIdentifier>{93995380-89BD-4b04-88EB-625FBE52EBFB}</UniqueIdentifier>
      <Extensions>h;hh;hpp;hxx;h++;hm;inl;inc;ipp;xsd</Extensions>
    </Filter>
    <Filter Include="Resource Files">
      <UniqueIdentifier>{67DA6AB6-F800-4c08-8B7A-83BB121AAD01}</UniqueIdentifier>
      <Extensions>rc;ico;cur;bmp;dlg;rc2;rct;bin;rgs;gif;jpg;jpeg;jpe;resx;tiff;tif;png;wav;mfcribbon-ms</Extensions>
    </Filter>
    <Filter Include="Header Files\MediaClock">
      <UniqueIdentifier>{dbc25cd8-c255-47b5-aaef-1454086eebee}</UniqueIdentifier>
    </Filter>
    <Filter Include="Source Files\MediaClock">
      <UniqueIdentifier>{f24db683-976f-40b6-ba6a-a8781db8ed52}</UniqueIdentifier>
    </Filter>
    <Filter Include="Header Files\CaptureSession">
      <UniqueIdentifier>{1331fa4c-7971-4888-b70b-279d068b1b95}</UniqueIdentifier>
    </Filter>
    <Filter Include="Source Files\CaptureSession">
      <UniqueIdentifier>{7c7a820d-99c9-426e-b4ca-68968cab35d1}</UniqueIdentifier>
    </Filter>
    <Filter Include="Header Files\AudioCapture">
      <UniqueIdentifier>{b922d1ed-521e-4b64-a37e-ff190ce8a74f}</UniqueIdentifier>
    </Filter>
  </ItemGroup>
  <ItemGroup>
    <ClInclude Include="framework.h">
      <Filter>Header Files</Filter>
    </ClInclude>
    <ClInclude Include="pch.h">
      <Filter>Header Files</Filter>
    </ClInclude>
    <ClInclude Include="MP4SinkWriter.h">
      <Filter>Header Files</Filter>
    </ClInclude>
    <ClInclude Include="FrameArrivedHandler.h">
      <Filter>Header Files</Filter>
    </ClInclude>
    <ClInclude Include="ScreenRecorderImpl.h">
      <Filter>Header Files</Filter>
    </ClInclude>
    <ClInclude Include="IMediaClockWriter.h">
      <Filter>Header Files\MediaClock</Filter>
    </ClInclude>
    <ClInclude Include="IMediaClockReader.h">
      <Filter>Header Files\MediaClock</Filter>
    </ClInclude>
    <ClInclude Include="IMediaClockController.h">
      <Filter>Header Files\MediaClock</Filter>
    </ClInclude>
    <ClInclude Include="IMediaClock.h">
      <Filter>Header Files\MediaClock</Filter>
    </ClInclude>
    <ClInclude Include="SimpleMediaClock.h">
      <Filter>Header Files\MediaClock</Filter>
    </ClInclude>
    <ClInclude Include="IMediaClockFactory.h">
      <Filter>Header Files\MediaClock</Filter>
    </ClInclude>
    <ClInclude Include="SimpleMediaClockFactory.h">
      <Filter>Header Files\MediaClock</Filter>
    </ClInclude>
    <ClInclude Include="CaptureSessionConfig.h">
      <Filter>Header Files\CaptureSession</Filter>
    </ClInclude>
    <ClInclude Include="ICaptureSession.h">
      <Filter>Header Files\CaptureSession</Filter>
    </ClInclude>
    <ClInclude Include="ICaptureSessionFactory.h">
      <Filter>Header Files\CaptureSession</Filter>
    </ClInclude>
    <ClInclude Include="WindowsGraphicsCaptureSession.h">
      <Filter>Header Files\CaptureSession</Filter>
    </ClInclude>
    <ClInclude Include="WindowsGraphicsCaptureSessionFactory.h">
      <Filter>Header Files\CaptureSession</Filter>
    </ClInclude>
    <ClInclude Include="WindowsGraphicsCaptureHelpers.h">
      <Filter>Header Files\CaptureSession</Filter>
    </ClInclude>
    <ClInclude Include="IAudioCaptureSource.h">
      <Filter>Header Files\AudioCapture</Filter>
    </ClInclude>
    <ClInclude Include="AudioCaptureDevice.h">
      <Filter>Header Files\AudioCapture</Filter>
    </ClInclude>
    <ClInclude Include="AudioCaptureHandler.h">
      <Filter>Header Files\AudioCapture</Filter>
    </ClInclude>
    <ClInclude Include="WasapiAudioCaptureSource.h">
      <Filter>Header Files\AudioCapture</Filter>
    </ClInclude>
  </ItemGroup>
  <ItemGroup>
    <ClCompile Include="pch.cpp">
      <Filter>Source Files</Filter>
    </ClCompile>
    <ClCompile Include="MP4SinkWriter.cpp">
      <Filter>Source Files</Filter>
    </ClCompile>
    <ClCompile Include="FrameArrivedHandler.cpp">
      <Filter>Source Files</Filter>
    </ClCompile>
    <ClCompile Include="AudioCaptureDevice.cpp">
      <Filter>Source Files</Filter>
    </ClCompile>
    <ClCompile Include="AudioCaptureHandler.cpp">
      <Filter>Source Files</Filter>
    </ClCompile>
    <ClCompile Include="ScreenRecorderImpl.cpp">
      <Filter>Source Files</Filter>
    </ClCompile>
    <ClCompile Include="WasapiAudioCaptureSource.cpp">
      <Filter>Source Files</Filter>
    </ClCompile>
    <ClCompile Include="SimpleMediaClock.cpp">
      <Filter>Source Files\MediaClock</Filter>
    </ClCompile>
    <ClCompile Include="SimpleMediaClockFactory.cpp">
      <Filter>Source Files\MediaClock</Filter>
    </ClCompile>
    <ClCompile Include="WindowsGraphicsCaptureSession.cpp">
      <Filter>Source Files\CaptureSession</Filter>
    </ClCompile>
    <ClCompile Include="WindowsGraphicsCaptureSessionFactory.cpp">
      <Filter>Source Files\CaptureSession</Filter>
    </ClCompile>
  </ItemGroup>
</Project>